// !$*UTF8*$!
{
	archiveVersion = 1;
	classes = {
	};
	objectVersion = 46;
	objects = {

/* Begin PBXBuildFile section */
		1F231F391CA4472600512A95 /* AppDelegate.swift in Sources */ = {isa = PBXBuildFile; fileRef = 1F231F381CA4472600512A95 /* AppDelegate.swift */; };
		1F231F3E1CA4472600512A95 /* Main.storyboard in Resources */ = {isa = PBXBuildFile; fileRef = 1F231F3C1CA4472600512A95 /* Main.storyboard */; };
		1F231F411CA4472600512A95 /* FoodPin.xcdatamodeld in Sources */ = {isa = PBXBuildFile; fileRef = 1F231F3F1CA4472600512A95 /* FoodPin.xcdatamodeld */; };
		1F231F431CA4472600512A95 /* Assets.xcassets in Resources */ = {isa = PBXBuildFile; fileRef = 1F231F421CA4472600512A95 /* Assets.xcassets */; };
		1F231F461CA4472600512A95 /* LaunchScreen.storyboard in Resources */ = {isa = PBXBuildFile; fileRef = 1F231F441CA4472600512A95 /* LaunchScreen.storyboard */; };
		1F231F4E1CA447FE00512A95 /* RestarauntsTableViewController.swift in Sources */ = {isa = PBXBuildFile; fileRef = 1F231F4D1CA447FE00512A95 /* RestarauntsTableViewController.swift */; };
		1F631D611CA4951800B03757 /* RestaurantTableViewCell.swift in Sources */ = {isa = PBXBuildFile; fileRef = 1F631D601CA4951800B03757 /* RestaurantTableViewCell.swift */; };
		1F8804441CA605F4009720B8 /* RestaurantDetailViewController.swift in Sources */ = {isa = PBXBuildFile; fileRef = 1F8804431CA605F4009720B8 /* RestaurantDetailViewController.swift */; };
		1F8804461CA6D4C3009720B8 /* Restaurant.swift in Sources */ = {isa = PBXBuildFile; fileRef = 1F8804451CA6D4C3009720B8 /* Restaurant.swift */; };
		1F8804481CA7314D009720B8 /* RestaurantDetailTableViewCell.swift in Sources */ = {isa = PBXBuildFile; fileRef = 1F8804471CA7314D009720B8 /* RestaurantDetailTableViewCell.swift */; };
		1FE0F8B31CA8998300A8B5E8 /* ReviewViewController.swift in Sources */ = {isa = PBXBuildFile; fileRef = 1FE0F8B21CA8998300A8B5E8 /* ReviewViewController.swift */; };
		1FE0F8B71CA9824900A8B5E8 /* MapKit.framework in Frameworks */ = {isa = PBXBuildFile; fileRef = 1FE0F8B61CA9824900A8B5E8 /* MapKit.framework */; };
		1FE0F8B91CAAFC1300A8B5E8 /* MapKitViewController.swift in Sources */ = {isa = PBXBuildFile; fileRef = 1FE0F8B81CAAFC1300A8B5E8 /* MapKitViewController.swift */; };
/* End PBXBuildFile section */

/* Begin PBXFileReference section */
		1F231F351CA4472500512A95 /* FoodPin.app */ = {isa = PBXFileReference; explicitFileType = wrapper.application; includeInIndex = 0; path = FoodPin.app; sourceTree = BUILT_PRODUCTS_DIR; };
		1F231F381CA4472600512A95 /* AppDelegate.swift */ = {isa = PBXFileReference; lastKnownFileType = sourcecode.swift; path = AppDelegate.swift; sourceTree = "<group>"; };
		1F231F3D1CA4472600512A95 /* Base */ = {isa = PBXFileReference; lastKnownFileType = file.storyboard; name = Base; path = Base.lproj/Main.storyboard; sourceTree = "<group>"; };
		1F231F401CA4472600512A95 /* FoodPin.xcdatamodel */ = {isa = PBXFileReference; lastKnownFileType = wrapper.xcdatamodel; path = FoodPin.xcdatamodel; sourceTree = "<group>"; };
		1F231F421CA4472600512A95 /* Assets.xcassets */ = {isa = PBXFileReference; lastKnownFileType = folder.assetcatalog; path = Assets.xcassets; sourceTree = "<group>"; };
		1F231F451CA4472600512A95 /* Base */ = {isa = PBXFileReference; lastKnownFileType = file.storyboard; name = Base; path = Base.lproj/LaunchScreen.storyboard; sourceTree = "<group>"; };
		1F231F471CA4472600512A95 /* Info.plist */ = {isa = PBXFileReference; lastKnownFileType = text.plist.xml; path = Info.plist; sourceTree = "<group>"; };
		1F231F4D1CA447FE00512A95 /* RestarauntsTableViewController.swift */ = {isa = PBXFileReference; fileEncoding = 4; lastKnownFileType = sourcecode.swift; path = RestarauntsTableViewController.swift; sourceTree = "<group>"; };
		1F631D601CA4951800B03757 /* RestaurantTableViewCell.swift */ = {isa = PBXFileReference; fileEncoding = 4; lastKnownFileType = sourcecode.swift; path = RestaurantTableViewCell.swift; sourceTree = "<group>"; };
		1F8804431CA605F4009720B8 /* RestaurantDetailViewController.swift */ = {isa = PBXFileReference; fileEncoding = 4; lastKnownFileType = sourcecode.swift; path = RestaurantDetailViewController.swift; sourceTree = "<group>"; };
		1F8804451CA6D4C3009720B8 /* Restaurant.swift */ = {isa = PBXFileReference; fileEncoding = 4; lastKnownFileType = sourcecode.swift; path = Restaurant.swift; sourceTree = "<group>"; };
		1F8804471CA7314D009720B8 /* RestaurantDetailTableViewCell.swift */ = {isa = PBXFileReference; fileEncoding = 4; lastKnownFileType = sourcecode.swift; path = RestaurantDetailTableViewCell.swift; sourceTree = "<group>"; };
		1FE0F8B21CA8998300A8B5E8 /* ReviewViewController.swift */ = {isa = PBXFileReference; fileEncoding = 4; lastKnownFileType = sourcecode.swift; path = ReviewViewController.swift; sourceTree = "<group>"; };
		1FE0F8B61CA9824900A8B5E8 /* MapKit.framework */ = {isa = PBXFileReference; lastKnownFileType = wrapper.framework; name = MapKit.framework; path = System/Library/Frameworks/MapKit.framework; sourceTree = SDKROOT; };
		1FE0F8B81CAAFC1300A8B5E8 /* MapKitViewController.swift */ = {isa = PBXFileReference; fileEncoding = 4; lastKnownFileType = sourcecode.swift; path = MapKitViewController.swift; sourceTree = "<group>"; };
/* End PBXFileReference section */

/* Begin PBXFrameworksBuildPhase section */
		1F231F321CA4472500512A95 /* Frameworks */ = {
			isa = PBXFrameworksBuildPhase;
			buildActionMask = 2147483647;
			files = (
				1FE0F8B71CA9824900A8B5E8 /* MapKit.framework in Frameworks */,
			);
			runOnlyForDeploymentPostprocessing = 0;
		};
/* End PBXFrameworksBuildPhase section */

/* Begin PBXGroup section */
		1F231F2C1CA4472500512A95 = {
			isa = PBXGroup;
			children = (
				1FE0F8B61CA9824900A8B5E8 /* MapKit.framework */,
				1F231F371CA4472600512A95 /* FoodPin */,
				1F231F361CA4472500512A95 /* Products */,
			);
			sourceTree = "<group>";
		};
		1F231F361CA4472500512A95 /* Products */ = {
			isa = PBXGroup;
			children = (
				1F231F351CA4472500512A95 /* FoodPin.app */,
			);
			name = Products;
			sourceTree = "<group>";
		};
		1F231F371CA4472600512A95 /* FoodPin */ = {
			isa = PBXGroup;
			children = (
				1F231F381CA4472600512A95 /* AppDelegate.swift */,
				1F8804451CA6D4C3009720B8 /* Restaurant.swift */,
				1F231F4D1CA447FE00512A95 /* RestarauntsTableViewController.swift */,
				1F8804471CA7314D009720B8 /* RestaurantDetailTableViewCell.swift */,
				1F8804431CA605F4009720B8 /* RestaurantDetailViewController.swift */,
				1F631D601CA4951800B03757 /* RestaurantTableViewCell.swift */,
				1FE0F8B81CAAFC1300A8B5E8 /* MapKitViewController.swift */,
				1F231F3C1CA4472600512A95 /* Main.storyboard */,
				1FE0F8B21CA8998300A8B5E8 /* ReviewViewController.swift */,
				1F231F421CA4472600512A95 /* Assets.xcassets */,
				1F231F441CA4472600512A95 /* LaunchScreen.storyboard */,
				1F231F471CA4472600512A95 /* Info.plist */,
				1F231F3F1CA4472600512A95 /* FoodPin.xcdatamodeld */,
			);
			path = FoodPin;
			sourceTree = "<group>";
		};
/* End PBXGroup section */

/* Begin PBXNativeTarget section */
		1F231F341CA4472500512A95 /* FoodPin */ = {
			isa = PBXNativeTarget;
			buildConfigurationList = 1F231F4A1CA4472600512A95 /* Build configuration list for PBXNativeTarget "FoodPin" */;
			buildPhases = (
				1F231F311CA4472500512A95 /* Sources */,
				1F231F321CA4472500512A95 /* Frameworks */,
				1F231F331CA4472500512A95 /* Resources */,
			);
			buildRules = (
			);
			dependencies = (
			);
			name = FoodPin;
			productName = FoodPin;
			productReference = 1F231F351CA4472500512A95 /* FoodPin.app */;
			productType = "com.apple.product-type.application";
		};
/* End PBXNativeTarget section */

/* Begin PBXProject section */
		1F231F2D1CA4472500512A95 /* Project object */ = {
			isa = PBXProject;
			attributes = {
				LastSwiftUpdateCheck = 0730;
				LastUpgradeCheck = 0730;
				ORGANIZATIONNAME = "Александр Сабри";
				TargetAttributes = {
					1F231F341CA4472500512A95 = {
						CreatedOnToolsVersion = 7.3;
						DevelopmentTeam = X7ZJL9MMJ6;
						SystemCapabilities = {
							com.apple.Maps.iOS = {
								enabled = 1;
							};
						};
					};
				};
			};
			buildConfigurationList = 1F231F301CA4472500512A95 /* Build configuration list for PBXProject "FoodPin" */;
			compatibilityVersion = "Xcode 3.2";
			developmentRegion = English;
			hasScannedForEncodings = 0;
			knownRegions = (
				en,
				Base,
			);
			mainGroup = 1F231F2C1CA4472500512A95;
			productRefGroup = 1F231F361CA4472500512A95 /* Products */;
			projectDirPath = "";
			projectRoot = "";
			targets = (
				1F231F341CA4472500512A95 /* FoodPin */,
			);
		};
/* End PBXProject section */

/* Begin PBXResourcesBuildPhase section */
		1F231F331CA4472500512A95 /* Resources */ = {
			isa = PBXResourcesBuildPhase;
			buildActionMask = 2147483647;
			files = (
				1F231F461CA4472600512A95 /* LaunchScreen.storyboard in Resources */,
				1F231F431CA4472600512A95 /* Assets.xcassets in Resources */,
				1F231F3E1CA4472600512A95 /* Main.storyboard in Resources */,
			);
			runOnlyForDeploymentPostprocessing = 0;
		};
/* End PBXResourcesBuildPhase section */

/* Begin PBXSourcesBuildPhase section */
		1F231F311CA4472500512A95 /* Sources */ = {
			isa = PBXSourcesBuildPhase;
			buildActionMask = 2147483647;
			files = (
				1F631D611CA4951800B03757 /* RestaurantTableViewCell.swift in Sources */,
				1F231F391CA4472600512A95 /* AppDelegate.swift in Sources */,
				1F8804461CA6D4C3009720B8 /* Restaurant.swift in Sources */,
				1FE0F8B91CAAFC1300A8B5E8 /* MapKitViewController.swift in Sources */,
				1F8804441CA605F4009720B8 /* RestaurantDetailViewController.swift in Sources */,
				1F231F4E1CA447FE00512A95 /* RestarauntsTableViewController.swift in Sources */,
				1F231F411CA4472600512A95 /* FoodPin.xcdatamodeld in Sources */,
				1FE0F8B31CA8998300A8B5E8 /* ReviewViewController.swift in Sources */,
				1F8804481CA7314D009720B8 /* RestaurantDetailTableViewCell.swift in Sources */,
			);
			runOnlyForDeploymentPostprocessing = 0;
		};
/* End PBXSourcesBuildPhase section */

/* Begin PBXVariantGroup section */
		1F231F3C1CA4472600512A95 /* Main.storyboard */ = {
			isa = PBXVariantGroup;
			children = (
				1F231F3D1CA4472600512A95 /* Base */,
			);
			name = Main.storyboard;
			sourceTree = "<group>";
		};
		1F231F441CA4472600512A95 /* LaunchScreen.storyboard */ = {
			isa = PBXVariantGroup;
			children = (
				1F231F451CA4472600512A95 /* Base */,
			);
			name = LaunchScreen.storyboard;
			sourceTree = "<group>";
		};
/* End PBXVariantGroup section */

/* Begin XCBuildConfiguration section */
		1F231F481CA4472600512A95 /* Debug */ = {
			isa = XCBuildConfiguration;
			buildSettings = {
				ALWAYS_SEARCH_USER_PATHS = NO;
				CLANG_ANALYZER_NONNULL = YES;
				CLANG_CXX_LANGUAGE_STANDARD = "gnu++0x";
				CLANG_CXX_LIBRARY = "libc++";
				CLANG_ENABLE_MODULES = YES;
				CLANG_ENABLE_OBJC_ARC = YES;
				CLANG_WARN_BOOL_CONVERSION = YES;
				CLANG_WARN_CONSTANT_CONVERSION = YES;
				CLANG_WARN_DIRECT_OBJC_ISA_USAGE = YES_ERROR;
				CLANG_WARN_EMPTY_BODY = YES;
				CLANG_WARN_ENUM_CONVERSION = YES;
				CLANG_WARN_INT_CONVERSION = YES;
				CLANG_WARN_OBJC_ROOT_CLASS = YES_ERROR;
				CLANG_WARN_UNREACHABLE_CODE = YES;
				CLANG_WARN__DUPLICATE_METHOD_MATCH = YES;
				"CODE_SIGN_IDENTITY[sdk=iphoneos*]" = "iPhone Developer";
				COPY_PHASE_STRIP = NO;
				DEBUG_INFORMATION_FORMAT = dwarf;
				ENABLE_STRICT_OBJC_MSGSEND = YES;
				ENABLE_TESTABILITY = YES;
				GCC_C_LANGUAGE_STANDARD = gnu99;
				GCC_DYNAMIC_NO_PIC = NO;
				GCC_NO_COMMON_BLOCKS = YES;
				GCC_OPTIMIZATION_LEVEL = 0;
				GCC_PREPROCESSOR_DEFINITIONS = (
					"DEBUG=1",
					"$(inherited)",
				);
				GCC_WARN_64_TO_32_BIT_CONVERSION = YES;
				GCC_WARN_ABOUT_RETURN_TYPE = YES_ERROR;
				GCC_WARN_UNDECLARED_SELECTOR = YES;
				GCC_WARN_UNINITIALIZED_AUTOS = YES_AGGRESSIVE;
				GCC_WARN_UNUSED_FUNCTION = YES;
				GCC_WARN_UNUSED_VARIABLE = YES;
				IPHONEOS_DEPLOYMENT_TARGET = 9.3;
				MTL_ENABLE_DEBUG_INFO = YES;
				ONLY_ACTIVE_ARCH = YES;
				SDKROOT = iphoneos;
				SWIFT_OPTIMIZATION_LEVEL = "-Onone";
			};
			name = Debug;
		};
		1F231F491CA4472600512A95 /* Release */ = {
			isa = XCBuildConfiguration;
			buildSettings = {
				ALWAYS_SEARCH_USER_PATHS = NO;
				CLANG_ANALYZER_NONNULL = YES;
				CLANG_CXX_LANGUAGE_STANDARD = "gnu++0x";
				CLANG_CXX_LIBRARY = "libc++";
				CLANG_ENABLE_MODULES = YES;
				CLANG_ENABLE_OBJC_ARC = YES;
				CLANG_WARN_BOOL_CONVERSION = YES;
				CLANG_WARN_CONSTANT_CONVERSION = YES;
				CLANG_WARN_DIRECT_OBJC_ISA_USAGE = YES_ERROR;
				CLANG_WARN_EMPTY_BODY = YES;
				CLANG_WARN_ENUM_CONVERSION = YES;
				CLANG_WARN_INT_CONVERSION = YES;
				CLANG_WARN_OBJC_ROOT_CLASS = YES_ERROR;
				CLANG_WARN_UNREACHABLE_CODE = YES;
				CLANG_WARN__DUPLICATE_METHOD_MATCH = YES;
				"CODE_SIGN_IDENTITY[sdk=iphoneos*]" = "iPhone Developer";
				COPY_PHASE_STRIP = NO;
				DEBUG_INFORMATION_FORMAT = "dwarf-with-dsym";
				ENABLE_NS_ASSERTIONS = NO;
				ENABLE_STRICT_OBJC_MSGSEND = YES;
				GCC_C_LANGUAGE_STANDARD = gnu99;
				GCC_NO_COMMON_BLOCKS = YES;
				GCC_WARN_64_TO_32_BIT_CONVERSION = YES;
				GCC_WARN_ABOUT_RETURN_TYPE = YES_ERROR;
				GCC_WARN_UNDECLARED_SELECTOR = YES;
				GCC_WARN_UNINITIALIZED_AUTOS = YES_AGGRESSIVE;
				GCC_WARN_UNUSED_FUNCTION = YES;
				GCC_WARN_UNUSED_VARIABLE = YES;
				IPHONEOS_DEPLOYMENT_TARGET = 9.3;
				MTL_ENABLE_DEBUG_INFO = NO;
				SDKROOT = iphoneos;
				VALIDATE_PRODUCT = YES;
			};
			name = Release;
		};
		1F231F4B1CA4472600512A95 /* Debug */ = {
			isa = XCBuildConfiguration;
			buildSettings = {
				ASSETCATALOG_COMPILER_APPICON_NAME = AppIcon;
				INFOPLIST_FILE = FoodPin/Info.plist;
				LD_RUNPATH_SEARCH_PATHS = "$(inherited) @executable_path/Frameworks";
				PRODUCT_BUNDLE_IDENTIFIER = co.thenine.FoodPin;
				PRODUCT_NAME = "$(TARGET_NAME)";
			};
			name = Debug;
		};
		1F231F4C1CA4472600512A95 /* Release */ = {
			isa = XCBuildConfiguration;
			buildSettings = {
				ASSETCATALOG_COMPILER_APPICON_NAME = AppIcon;
				INFOPLIST_FILE = FoodPin/Info.plist;
				LD_RUNPATH_SEARCH_PATHS = "$(inherited) @executable_path/Frameworks";
				PRODUCT_BUNDLE_IDENTIFIER = co.thenine.FoodPin;
				PRODUCT_NAME = "$(TARGET_NAME)";
			};
			name = Release;
		};
/* End XCBuildConfiguration section */

/* Begin XCConfigurationList section */
		1F231F301CA4472500512A95 /* Build configuration list for PBXProject "FoodPin" */ = {
			isa = XCConfigurationList;
			buildConfigurations = (
				1F231F481CA4472600512A95 /* Debug */,
				1F231F491CA4472600512A95 /* Release */,
			);
			defaultConfigurationIsVisible = 0;
			defaultConfigurationName = Release;
		};
		1F231F4A1CA4472600512A95 /* Build configuration list for PBXNativeTarget "FoodPin" */ = {
			isa = XCConfigurationList;
			buildConfigurations = (
				1F231F4B1CA4472600512A95 /* Debug */,
				1F231F4C1CA4472600512A95 /* Release */,
			);
			defaultConfigurationIsVisible = 0;
			defaultConfigurationName = Release;
		};
/* End XCConfigurationList section */

/* Begin XCVersionGroup section */
		1F231F3F1CA4472600512A95 /* FoodPin.xcdatamodeld */ = {
			isa = XCVersionGroup;
			children = (
				1F231F401CA4472600512A95 /* FoodPin.xcdatamodel */,
			);
			currentVersion = 1F231F401CA4472600512A95 /* FoodPin.xcdatamodel */;
			path = FoodPin.xcdatamodeld;
			sourceTree = "<group>";
			versionGroupType = wrapper.xcdatamodel;
		};
/* End XCVersionGroup section */
	};
	rootObject = 1F231F2D1CA4472500512A95 /* Project object */;
}
